
Microsoft Visual Studio Solution File, Format Version 12.00
# Visual Studio Version 17
VisualStudioVersion = 17.3.32825.248
MinimumVisualStudioVersion = 10.0.40219.1
Project("{8BC9CEB8-8B4A-11D0-8D11-00A0C91BC942}") = "txt3", "txt3.vcxproj", "{19616F40-9205-4A4A-A02F-0D4BDCC41415}"
EndProject
Global
	GlobalSection(SolutionConfigurationPlatforms) = preSolution
		Debug|x64 = Debug|x64
		Debug|x86 = Debug|x86
		Release|x64 = Release|x64
		Release|x86 = Release|x86
	EndGlobalSection
	GlobalSection(ProjectConfigurationPlatforms) = postSolution
		{19616F40-9205-4A4A-A02F-0D4BDCC41415}.Debug|x64.ActiveCfg = Debug|x64
		{19616F40-9205-4A4A-A02F-0D4BDCC41415}.Debug|x64.Build.0 = Debug|x64
		{19616F40-9205-4A4A-A02F-0D4BDCC41415}.Debug|x86.ActiveCfg = Debug|Win32
		{19616F40-9205-4A4A-A02F-0D4BDCC41415}.Debug|x86.Build.0 = Debug|Win32
		{19616F40-9205-4A4A-A02F-0D4BDCC41415}.Release|x64.ActiveCfg = Release|x64
		{19616F40-9205-4A4A-A02F-0D4BDCC41415}.Release|x64.Build.0 = Release|x64
		{19616F40-9205-4A4A-A02F-0D4BDCC41415}.Release|x86.ActiveCfg = Release|Win32
		{19616F40-9205-4A4A-A02F-0D4BDCC41415}.Release|x86.Build.0 = Release|Win32
	EndGlobalSection
	GlobalSection(SolutionProperties) = preSolution
		HideSolutionNode = FALSE
	EndGlobalSection
	GlobalSection(ExtensibilityGlobals) = postSolution
		SolutionGuid = {104BA921-B790-4C3D-A68B-588785992BE6}
	EndGlobalSection
EndGlobal
